
Microsoft Visual Studio Solution File, Format Version 12.00
# Visual Studio Version 17
VisualStudioVersion = 17.14.36429.23 d17.14
MinimumVisualStudioVersion = 10.0.40219.1
Project("{FAE04EC0-301F-11D3-BF4B-00C04F79EFBC}") = "SimuladorSO", "SimuladorSO.csproj", "{CC5CFFFC-F39F-4B24-9B66-C449EF548C1E}"
EndProject
Global
	GlobalSection(SolutionConfigurationPlatforms) = preSolution
		Debug|Any CPU = Debug|Any CPU
		Release|Any CPU = Release|Any CPU
	EndGlobalSection
	GlobalSection(ProjectConfigurationPlatforms) = postSolution
		{CC5CFFFC-F39F-4B24-9B66-C449EF548C1E}.Debug|Any CPU.ActiveCfg = Debug|Any CPU
		{CC5CFFFC-F39F-4B24-9B66-C449EF548C1E}.Debug|Any CPU.Build.0 = Debug|Any CPU
		{CC5CFFFC-F39F-4B24-9B66-C449EF548C1E}.Release|Any CPU.ActiveCfg = Release|Any CPU
		{CC5CFFFC-F39F-4B24-9B66-C449EF548C1E}.Release|Any CPU.Build.0 = Release|Any CPU
	EndGlobalSection
	GlobalSection(SolutionProperties) = preSolution
		HideSolutionNode = FALSE
	EndGlobalSection
	GlobalSection(ExtensibilityGlobals) = postSolution
		SolutionGuid = {30F1727C-991B-40E9-AD53-917720739632}
	EndGlobalSection
EndGlobal
